{
  "name": "ombu",
  "lockfileVersion": 3,
  "requires": true,
  "packages": {
    "": {
      "dependencies": {
        "@semaphore-protocol/contracts": "^4.14.0"
      }
    },
    "node_modules/@semaphore-protocol/contracts": {
      "version": "4.14.0",
      "resolved": "https://registry.npmjs.org/@semaphore-protocol/contracts/-/contracts-4.14.0.tgz",
      "integrity": "sha512-iNuZteAJI7RwLrwsp8j6wup2jsVISmxXjHVYA5BwfEqkWjhC3hj2iEkQF16UQGUuOwnR6XxQzXdJ0/VyDPmtAw==",
      "license": "MIT",
      "dependencies": {
        "@zk-kit/lean-imt.sol": "2.0.1"
      }
    },
    "node_modules/@zk-kit/lean-imt.sol": {
      "version": "2.0.1",
      "resolved": "https://registry.npmjs.org/@zk-kit/lean-imt.sol/-/lean-imt.sol-2.0.1.tgz",
      "integrity": "sha512-2dy/wfzch2vy5QtDCFmQwN7E4GZP0xBcucTb2mfZoJP5V69cjPRdy6KcbS0YOcBMH/Lb7BgXLsekRYjh9JNKEw==",
      "dependencies": {
        "poseidon-solidity": "0.0.5"
      }
    },
    "node_modules/poseidon-solidity": {
      "version": "0.0.5",
      "resolved": "https://registry.npmjs.org/poseidon-solidity/-/poseidon-solidity-0.0.5.tgz",
      "integrity": "sha512-NzrvSwHzvZgT4hvg2GyGqeR+UOU/eLSEt4wAoXEua+VaR7NTKKwx1X9bPlh1VMBEVEno+IWvkRBbidFGzTeAqQ=="
    }
  }
}
